
Microsoft Visual Studio Solution File, Format Version 12.00
# Visual Studio 15
Project("{FAE04EC0-301F-11D3-BF4B-00C04F79EFBC}") = "Assembly-CSharp", "Assembly-CSharp.csproj", "{7EBE68E3-9EEA-73EA-9CB3-5C29E7D19C71}"
EndProject
Project("{FAE04EC0-301F-11D3-BF4B-00C04F79EFBC}") = "Assembly-CSharp-firstpass", "Assembly-CSharp-firstpass.csproj", "{20E6E720-DF7B-AA36-0563-8753208D5991}"
EndProject
Project("{FAE04EC0-301F-11D3-BF4B-00C04F79EFBC}") = "PhotonUnityNetworking.Demos", "PhotonUnityNetworking.Demos.csproj", "{F2C74E3C-8482-9694-979F-92F04EBD27A1}"
EndProject
Project("{FAE04EC0-301F-11D3-BF4B-00C04F79EFBC}") = "PhotonUnityNetworking.Utilities", "PhotonUnityNetworking.Utilities.csproj", "{62DA57EB-F520-4509-F4EA-07FA780BDCE2}"
EndProject
Project("{FAE04EC0-301F-11D3-BF4B-00C04F79EFBC}") = "PhotonChat", "PhotonChat.csproj", "{0F19C3DA-2905-D786-7527-96FD9BC1CB73}"
EndProject
Project("{FAE04EC0-301F-11D3-BF4B-00C04F79EFBC}") = "PhotonUnityNetworking", "PhotonUnityNetworking.csproj", "{928255FD-F630-7FDE-0FF5-E32D7A2D4E78}"
EndProject
Project("{FAE04EC0-301F-11D3-BF4B-00C04F79EFBC}") = "PhotonRealtime", "PhotonRealtime.csproj", "{B9B07600-7C4F-7852-D4EA-AA117F679B42}"
EndProject
Project("{FAE04EC0-301F-11D3-BF4B-00C04F79EFBC}") = "PhotonWebSocket", "PhotonWebSocket.csproj", "{C1AAF9F6-5E69-4603-960E-0904FE159E4B}"
EndProject
Project("{FAE04EC0-301F-11D3-BF4B-00C04F79EFBC}") = "Assembly-CSharp-Editor-firstpass", "Assembly-CSharp-Editor-firstpass.csproj", "{6BE03A78-F8B6-6911-286F-255676D72EDC}"
EndProject
Project("{FAE04EC0-301F-11D3-BF4B-00C04F79EFBC}") = "PhotonUnityNetworking.Editor", "PhotonUnityNetworking.Editor.csproj", "{AFD81ED2-4F2D-B862-0C52-96CE99F02857}"
EndProject
Project("{FAE04EC0-301F-11D3-BF4B-00C04F79EFBC}") = "PunDemos.DemoHubEditor", "PunDemos.DemoHubEditor.csproj", "{E20AB10A-8F6E-47DF-D902-58034BDB6742}"
EndProject
Project("{FAE04EC0-301F-11D3-BF4B-00C04F79EFBC}") = "PhotonUnityNetworking.Utilities.PhotonPlayer.Editor", "PhotonUnityNetworking.Utilities.PhotonPlayer.Editor.csproj", "{9E12CD19-4637-4702-9310-88AFBBB7A578}"
EndProject
Project("{FAE04EC0-301F-11D3-BF4B-00C04F79EFBC}") = "PhotonUnityNetworking.Utilities.Culling.Editor", "PhotonUnityNetworking.Utilities.Culling.Editor.csproj", "{B588F89D-CECD-8F8A-0375-7E00DB3C55F7}"
EndProject
Project("{FAE04EC0-301F-11D3-BF4B-00C04F79EFBC}") = "PunDemos.DemoSlotcarEditor", "PunDemos.DemoSlotcarEditor.csproj", "{9E0E9B75-0806-E15F-5D2C-4EA50B2FED83}"
EndProject
Global
	GlobalSection(SolutionConfigurationPlatforms) = preSolution
		Debug|Any CPU = Debug|Any CPU
		Release|Any CPU = Release|Any CPU
	EndGlobalSection
	GlobalSection(ProjectConfigurationPlatforms) = postSolution
		{7EBE68E3-9EEA-73EA-9CB3-5C29E7D19C71}.Debug|Any CPU.ActiveCfg = Debug|Any CPU
		{7EBE68E3-9EEA-73EA-9CB3-5C29E7D19C71}.Debug|Any CPU.Build.0 = Debug|Any CPU
		{7EBE68E3-9EEA-73EA-9CB3-5C29E7D19C71}.Release|Any CPU.ActiveCfg = Release|Any CPU
		{7EBE68E3-9EEA-73EA-9CB3-5C29E7D19C71}.Release|Any CPU.Build.0 = Release|Any CPU
		{20E6E720-DF7B-AA36-0563-8753208D5991}.Debug|Any CPU.ActiveCfg = Debug|Any CPU
		{20E6E720-DF7B-AA36-0563-8753208D5991}.Debug|Any CPU.Build.0 = Debug|Any CPU
		{20E6E720-DF7B-AA36-0563-8753208D5991}.Release|Any CPU.ActiveCfg = Release|Any CPU
		{20E6E720-DF7B-AA36-0563-8753208D5991}.Release|Any CPU.Build.0 = Release|Any CPU
		{F2C74E3C-8482-9694-979F-92F04EBD27A1}.Debug|Any CPU.ActiveCfg = Debug|Any CPU
		{F2C74E3C-8482-9694-979F-92F04EBD27A1}.Debug|Any CPU.Build.0 = Debug|Any CPU
		{F2C74E3C-8482-9694-979F-92F04EBD27A1}.Release|Any CPU.ActiveCfg = Release|Any CPU
		{F2C74E3C-8482-9694-979F-92F04EBD27A1}.Release|Any CPU.Build.0 = Release|Any CPU
		{62DA57EB-F520-4509-F4EA-07FA780BDCE2}.Debug|Any CPU.ActiveCfg = Debug|Any CPU
		{62DA57EB-F520-4509-F4EA-07FA780BDCE2}.Debug|Any CPU.Build.0 = Debug|Any CPU
		{62DA57EB-F520-4509-F4EA-07FA780BDCE2}.Release|Any CPU.ActiveCfg = Release|Any CPU
		{62DA57EB-F520-4509-F4EA-07FA780BDCE2}.Release|Any CPU.Build.0 = Release|Any CPU
		{0F19C3DA-2905-D786-7527-96FD9BC1CB73}.Debug|Any CPU.ActiveCfg = Debug|Any CPU
		{0F19C3DA-2905-D786-7527-96FD9BC1CB73}.Debug|Any CPU.Build.0 = Debug|Any CPU
		{0F19C3DA-2905-D786-7527-96FD9BC1CB73}.Release|Any CPU.ActiveCfg = Release|Any CPU
		{0F19C3DA-2905-D786-7527-96FD9BC1CB73}.Release|Any CPU.Build.0 = Release|Any CPU
		{928255FD-F630-7FDE-0FF5-E32D7A2D4E78}.Debug|Any CPU.ActiveCfg = Debug|Any CPU
		{928255FD-F630-7FDE-0FF5-E32D7A2D4E78}.Debug|Any CPU.Build.0 = Debug|Any CPU
		{928255FD-F630-7FDE-0FF5-E32D7A2D4E78}.Release|Any CPU.ActiveCfg = Release|Any CPU
		{928255FD-F630-7FDE-0FF5-E32D7A2D4E78}.Release|Any CPU.Build.0 = Release|Any CPU
		{B9B07600-7C4F-7852-D4EA-AA117F679B42}.Debug|Any CPU.ActiveCfg = Debug|Any CPU
		{B9B07600-7C4F-7852-D4EA-AA117F679B42}.Debug|Any CPU.Build.0 = Debug|Any CPU
		{B9B07600-7C4F-7852-D4EA-AA117F679B42}.Release|Any CPU.ActiveCfg = Release|Any CPU
		{B9B07600-7C4F-7852-D4EA-AA117F679B42}.Release|Any CPU.Build.0 = Release|Any CPU
		{C1AAF9F6-5E69-4603-960E-0904FE159E4B}.Debug|Any CPU.ActiveCfg = Debug|Any CPU
		{C1AAF9F6-5E69-4603-960E-0904FE159E4B}.Debug|Any CPU.Build.0 = Debug|Any CPU
		{C1AAF9F6-5E69-4603-960E-0904FE159E4B}.Release|Any CPU.ActiveCfg = Release|Any CPU
		{C1AAF9F6-5E69-4603-960E-0904FE159E4B}.Release|Any CPU.Build.0 = Release|Any CPU
		{6BE03A78-F8B6-6911-286F-255676D72EDC}.Debug|Any CPU.ActiveCfg = Debug|Any CPU
		{6BE03A78-F8B6-6911-286F-255676D72EDC}.Debug|Any CPU.Build.0 = Debug|Any CPU
		{6BE03A78-F8B6-6911-286F-255676D72EDC}.Release|Any CPU.ActiveCfg = Release|Any CPU
		{6BE03A78-F8B6-6911-286F-255676D72EDC}.Release|Any CPU.Build.0 = Release|Any CPU
		{AFD81ED2-4F2D-B862-0C52-96CE99F02857}.Debug|Any CPU.ActiveCfg = Debug|Any CPU
		{AFD81ED2-4F2D-B862-0C52-96CE99F02857}.Debug|Any CPU.Build.0 = Debug|Any CPU
		{AFD81ED2-4F2D-B862-0C52-96CE99F02857}.Release|Any CPU.ActiveCfg = Release|Any CPU
		{AFD81ED2-4F2D-B862-0C52-96CE99F02857}.Release|Any CPU.Build.0 = Release|Any CPU
		{E20AB10A-8F6E-47DF-D902-58034BDB6742}.Debug|Any CPU.ActiveCfg = Debug|Any CPU
		{E20AB10A-8F6E-47DF-D902-58034BDB6742}.Debug|Any CPU.Build.0 = Debug|Any CPU
		{E20AB10A-8F6E-47DF-D902-58034BDB6742}.Release|Any CPU.ActiveCfg = Release|Any CPU
		{E20AB10A-8F6E-47DF-D902-58034BDB6742}.Release|Any CPU.Build.0 = Release|Any CPU
		{9E12CD19-4637-4702-9310-88AFBBB7A578}.Debug|Any CPU.ActiveCfg = Debug|Any CPU
		{9E12CD19-4637-4702-9310-88AFBBB7A578}.Debug|Any CPU.Build.0 = Debug|Any CPU
		{9E12CD19-4637-4702-9310-88AFBBB7A578}.Release|Any CPU.ActiveCfg = Release|Any CPU
		{9E12CD19-4637-4702-9310-88AFBBB7A578}.Release|Any CPU.Build.0 = Release|Any CPU
		{B588F89D-CECD-8F8A-0375-7E00DB3C55F7}.Debug|Any CPU.ActiveCfg = Debug|Any CPU
		{B588F89D-CECD-8F8A-0375-7E00DB3C55F7}.Debug|Any CPU.Build.0 = Debug|Any CPU
		{B588F89D-CECD-8F8A-0375-7E00DB3C55F7}.Release|Any CPU.ActiveCfg = Release|Any CPU
		{B588F89D-CECD-8F8A-0375-7E00DB3C55F7}.Release|Any CPU.Build.0 = Release|Any CPU
		{9E0E9B75-0806-E15F-5D2C-4EA50B2FED83}.Debug|Any CPU.ActiveCfg = Debug|Any CPU
		{9E0E9B75-0806-E15F-5D2C-4EA50B2FED83}.Debug|Any CPU.Build.0 = Debug|Any CPU
		{9E0E9B75-0806-E15F-5D2C-4EA50B2FED83}.Release|Any CPU.ActiveCfg = Release|Any CPU
		{9E0E9B75-0806-E15F-5D2C-4EA50B2FED83}.Release|Any CPU.Build.0 = Release|Any CPU
	EndGlobalSection
	GlobalSection(SolutionProperties) = preSolution
		HideSolutionNode = FALSE
	EndGlobalSection
	GlobalSection(MonoDevelopProperties) = preSolution
		StartupItem = Assembly-CSharp.csproj
	EndGlobalSection
EndGlobal
